# This file was autogenerated by Stack.
# You should not edit this file by hand.
# For more information, please see the documentation at:
#   https://docs.haskellstack.org/en/stable/lock_files

packages:
- completed:
    hackage: HaXml-1.25.5@sha256:5052e2fc3237aa005378ae85eff3e178cd0e85cd55d1da4ac99486a52ab53209,4449
    pantry-tree:
      size: 4076
      sha256: 5bb3b0ee71a97d0c1fee873f9a67475037dd98729e11776e0e005d7c3d9d41e0
  original:
    hackage: HaXml-1.25.5
- completed:
    hackage: Cabal-3.4.0.0@sha256:74ca2bc93297dc20b291c8dc721055278aa4a7942b0b5aca86766d407e3cbe5f,30533
    pantry-tree:
      size: 45845
      sha256: b378b1f4a94f2911e9774c67e16859d7deae1ee1bad787cf790443e1f031388f
  original:
    hackage: Cabal-3.4.0.0@sha256:74ca2bc93297dc20b291c8dc721055278aa4a7942b0b5aca86766d407e3cbe5f,30533
snapshots:
- completed:
    size: 585817
    url: https://raw.githubusercontent.com/commercialhaskell/stackage-snapshots/master/lts/18/4.yaml
    sha256: ea3a318eafa9e9cc56bfbe46099fd0d54d32641ab7bbe1d182ed8f5de39f804c
  original: lts-18.4
